
Microsoft Visual Studio Solution File, Format Version 12.00
# Visual Studio Version 16
VisualStudioVersion = 16.0.30225.117
MinimumVisualStudioVersion = 10.0.40219.1
Project("{9A19103F-16F7-4668-BE54-9A1E7A4F7556}") = "DeskBooker.Entities", "DeskBooker.Entities\DeskBooker.Entities.csproj", "{8FDF2D00-96C3-4AD5-822C-F33D729578E9}"
EndProject
Project("{9A19103F-16F7-4668-BE54-9A1E7A4F7556}") = "DeskBooker.Core.Tests", "DeskBooker.Core.Tests\DeskBooker.Core.Tests.csproj", "{4DAA3995-8853-4023-8228-65B3BFC805F4}"
EndProject
Project("{9A19103F-16F7-4668-BE54-9A1E7A4F7556}") = "DeskBooker.Core", "DeskBooker.Core\DeskBooker.Core.csproj", "{A71009EB-3EEE-42E1-9F0B-71B769B2349E}"
EndProject
Project("{FAE04EC0-301F-11D3-BF4B-00C04F79EFBC}") = "DeskBooker.Data", "DeskBooker.Data\DeskBooker.Data.csproj", "{3597C3DE-6427-4891-9D5A-203029B8DF55}"
EndProject
Global
	GlobalSection(SolutionConfigurationPlatforms) = preSolution
		Debug|Any CPU = Debug|Any CPU
		Release|Any CPU = Release|Any CPU
	EndGlobalSection
	GlobalSection(ProjectConfigurationPlatforms) = postSolution
		{8FDF2D00-96C3-4AD5-822C-F33D729578E9}.Debug|Any CPU.ActiveCfg = Debug|Any CPU
		{8FDF2D00-96C3-4AD5-822C-F33D729578E9}.Debug|Any CPU.Build.0 = Debug|Any CPU
		{8FDF2D00-96C3-4AD5-822C-F33D729578E9}.Release|Any CPU.ActiveCfg = Release|Any CPU
		{8FDF2D00-96C3-4AD5-822C-F33D729578E9}.Release|Any CPU.Build.0 = Release|Any CPU
		{4DAA3995-8853-4023-8228-65B3BFC805F4}.Debug|Any CPU.ActiveCfg = Debug|Any CPU
		{4DAA3995-8853-4023-8228-65B3BFC805F4}.Debug|Any CPU.Build.0 = Debug|Any CPU
		{4DAA3995-8853-4023-8228-65B3BFC805F4}.Release|Any CPU.ActiveCfg = Release|Any CPU
		{4DAA3995-8853-4023-8228-65B3BFC805F4}.Release|Any CPU.Build.0 = Release|Any CPU
		{A71009EB-3EEE-42E1-9F0B-71B769B2349E}.Debug|Any CPU.ActiveCfg = Debug|Any CPU
		{A71009EB-3EEE-42E1-9F0B-71B769B2349E}.Debug|Any CPU.Build.0 = Debug|Any CPU
		{A71009EB-3EEE-42E1-9F0B-71B769B2349E}.Release|Any CPU.ActiveCfg = Release|Any CPU
		{A71009EB-3EEE-42E1-9F0B-71B769B2349E}.Release|Any CPU.Build.0 = Release|Any CPU
		{3597C3DE-6427-4891-9D5A-203029B8DF55}.Debug|Any CPU.ActiveCfg = Debug|Any CPU
		{3597C3DE-6427-4891-9D5A-203029B8DF55}.Debug|Any CPU.Build.0 = Debug|Any CPU
		{3597C3DE-6427-4891-9D5A-203029B8DF55}.Release|Any CPU.ActiveCfg = Release|Any CPU
		{3597C3DE-6427-4891-9D5A-203029B8DF55}.Release|Any CPU.Build.0 = Release|Any CPU
	EndGlobalSection
	GlobalSection(SolutionProperties) = preSolution
		HideSolutionNode = FALSE
	EndGlobalSection
	GlobalSection(ExtensibilityGlobals) = postSolution
		SolutionGuid = {A0924F0A-C1F0-41C4-A792-2B7CE2051E22}
	EndGlobalSection
EndGlobal
